
Microsoft Visual Studio Solution File, Format Version 12.00
# Visual Studio Version 17
VisualStudioVersion = 17.11.35222.181
MinimumVisualStudioVersion = 10.0.40219.1
Project("{FAE04EC0-301F-11D3-BF4B-00C04F79EFBC}") = "Wheather-api", "Wheather-api\Wheather-api.csproj", "{AA8470FE-3C92-498C-A17F-9997215B645E}"
EndProject
Global
	GlobalSection(SolutionConfigurationPlatforms) = preSolution
		Debug|Any CPU = Debug|Any CPU
		Release|Any CPU = Release|Any CPU
	EndGlobalSection
	GlobalSection(ProjectConfigurationPlatforms) = postSolution
		{AA8470FE-3C92-498C-A17F-9997215B645E}.Debug|Any CPU.ActiveCfg = Debug|Any CPU
		{AA8470FE-3C92-498C-A17F-9997215B645E}.Debug|Any CPU.Build.0 = Debug|Any CPU
		{AA8470FE-3C92-498C-A17F-9997215B645E}.Release|Any CPU.ActiveCfg = Release|Any CPU
		{AA8470FE-3C92-498C-A17F-9997215B645E}.Release|Any CPU.Build.0 = Release|Any CPU
	EndGlobalSection
	GlobalSection(SolutionProperties) = preSolution
		HideSolutionNode = FALSE
	EndGlobalSection
	GlobalSection(ExtensibilityGlobals) = postSolution
		SolutionGuid = {68147BF8-1CBE-4491-8812-77B507320112}
	EndGlobalSection
EndGlobal
